
Microsoft Visual Studio Solution File, Format Version 12.00
# Visual Studio Version 16
VisualStudioVersion = 16.0.31019.35
MinimumVisualStudioVersion = 10.0.40219.1
Project("{8BC9CEB8-8B4A-11D0-8D11-00A0C91BC942}") = "Mincraft Auto Fishing Tool", "Mincraft Auto Fishing Tool.vcxproj", "{7519307F-9290-4518-BF78-9705A6FA09C5}"
EndProject
Global
	GlobalSection(SolutionConfigurationPlatforms) = preSolution
		Debug|x64 = Debug|x64
		Release|x64 = Release|x64
	EndGlobalSection
	GlobalSection(ProjectConfigurationPlatforms) = postSolution
		{7519307F-9290-4518-BF78-9705A6FA09C5}.Debug|x64.ActiveCfg = Debug|x64
		{7519307F-9290-4518-BF78-9705A6FA09C5}.Debug|x64.Build.0 = Debug|x64
		{7519307F-9290-4518-BF78-9705A6FA09C5}.Release|x64.ActiveCfg = Release|x64
		{7519307F-9290-4518-BF78-9705A6FA09C5}.Release|x64.Build.0 = Release|x64
	EndGlobalSection
	GlobalSection(SolutionProperties) = preSolution
		HideSolutionNode = FALSE
	EndGlobalSection
	GlobalSection(ExtensibilityGlobals) = postSolution
		SolutionGuid = {3EC62AD5-07B3-42E1-B12F-B600E18352BC}
	EndGlobalSection
EndGlobal
